{
  "name": "@freedomsex/activity-component",
  "version": "2.1.4",
  "lockfileVersion": 1,
  "requires": true,
  "dependencies": {
    "@freedomsex/header-bar": {
      "version": "1.0.0",
      "resolved": "https://registry.npmjs.org/@freedomsex/header-bar/-/header-bar-1.0.0.tgz",
      "integrity": "sha512-nAlJCDzPqz1D1sU36UgBwg9eTye+WeJF8lvB8W9aahpPlRy6OZQ8AbvYeXZPCHxL9tYeyctrbmyQ+pLEp/1HXw=="
    }
  }
}
